
Microsoft Visual Studio Solution File, Format Version 12.00
# Visual Studio Version 17
VisualStudioVersion = 17.0.32014.148
MinimumVisualStudioVersion = 10.0.40219.1
Project("{FAE04EC0-301F-11D3-BF4B-00C04F79EFBC}") = "CSharpIntermediateConstructorsAndInheritance", "CSharpIntermediateConstructorsAndInheritance\CSharpIntermediateConstructorsAndInheritance.csproj", "{62853287-E453-4F4F-BB17-7C49EBF225E8}"
EndProject
Global
	GlobalSection(SolutionConfigurationPlatforms) = preSolution
		Debug|Any CPU = Debug|Any CPU
		Release|Any CPU = Release|Any CPU
	EndGlobalSection
	GlobalSection(ProjectConfigurationPlatforms) = postSolution
		{62853287-E453-4F4F-BB17-7C49EBF225E8}.Debug|Any CPU.ActiveCfg = Debug|Any CPU
		{62853287-E453-4F4F-BB17-7C49EBF225E8}.Debug|Any CPU.Build.0 = Debug|Any CPU
		{62853287-E453-4F4F-BB17-7C49EBF225E8}.Release|Any CPU.ActiveCfg = Release|Any CPU
		{62853287-E453-4F4F-BB17-7C49EBF225E8}.Release|Any CPU.Build.0 = Release|Any CPU
	EndGlobalSection
	GlobalSection(SolutionProperties) = preSolution
		HideSolutionNode = FALSE
	EndGlobalSection
	GlobalSection(ExtensibilityGlobals) = postSolution
		SolutionGuid = {624E502B-6AEB-40F2-AE1B-250C39EC3B94}
	EndGlobalSection
EndGlobal
